
Microsoft Visual Studio Solution File, Format Version 12.00
# Visual Studio Version 16
VisualStudioVersion = 16.0.31005.135
MinimumVisualStudioVersion = 10.0.40219.1
Project("{9A19103F-16F7-4668-BE54-9A1E7A4F7556}") = "Test", "Test\Test.csproj", "{EFAF059E-393E-4F1D-A856-69183BA6AC81}"
EndProject
Project("{9A19103F-16F7-4668-BE54-9A1E7A4F7556}") = "Laba4", "Laba4\Laba4.csproj", "{3C88501C-7DA2-4D6A-92AB-2211B0F72C0F}"
EndProject
Project("{9A19103F-16F7-4668-BE54-9A1E7A4F7556}") = "Laba5", "Laba5\Laba5.csproj", "{2BB98D3A-0D1C-41E2-BE42-A1AAE8CAE70C}"
EndProject
Project("{FAE04EC0-301F-11D3-BF4B-00C04F79EFBC}") = "Laba6", "Laba6\Laba6.csproj", "{777E24DB-2549-4D65-9F88-F245CEF13D2C}"
EndProject
Global
	GlobalSection(SolutionConfigurationPlatforms) = preSolution
		Debug|Any CPU = Debug|Any CPU
		Release|Any CPU = Release|Any CPU
	EndGlobalSection
	GlobalSection(ProjectConfigurationPlatforms) = postSolution
		{EFAF059E-393E-4F1D-A856-69183BA6AC81}.Debug|Any CPU.ActiveCfg = Debug|Any CPU
		{EFAF059E-393E-4F1D-A856-69183BA6AC81}.Debug|Any CPU.Build.0 = Debug|Any CPU
		{EFAF059E-393E-4F1D-A856-69183BA6AC81}.Release|Any CPU.ActiveCfg = Release|Any CPU
		{EFAF059E-393E-4F1D-A856-69183BA6AC81}.Release|Any CPU.Build.0 = Release|Any CPU
		{3C88501C-7DA2-4D6A-92AB-2211B0F72C0F}.Debug|Any CPU.ActiveCfg = Debug|Any CPU
		{3C88501C-7DA2-4D6A-92AB-2211B0F72C0F}.Debug|Any CPU.Build.0 = Debug|Any CPU
		{3C88501C-7DA2-4D6A-92AB-2211B0F72C0F}.Release|Any CPU.ActiveCfg = Release|Any CPU
		{3C88501C-7DA2-4D6A-92AB-2211B0F72C0F}.Release|Any CPU.Build.0 = Release|Any CPU
		{2BB98D3A-0D1C-41E2-BE42-A1AAE8CAE70C}.Debug|Any CPU.ActiveCfg = Debug|Any CPU
		{2BB98D3A-0D1C-41E2-BE42-A1AAE8CAE70C}.Debug|Any CPU.Build.0 = Debug|Any CPU
		{2BB98D3A-0D1C-41E2-BE42-A1AAE8CAE70C}.Release|Any CPU.ActiveCfg = Release|Any CPU
		{2BB98D3A-0D1C-41E2-BE42-A1AAE8CAE70C}.Release|Any CPU.Build.0 = Release|Any CPU
		{777E24DB-2549-4D65-9F88-F245CEF13D2C}.Debug|Any CPU.ActiveCfg = Debug|Any CPU
		{777E24DB-2549-4D65-9F88-F245CEF13D2C}.Debug|Any CPU.Build.0 = Debug|Any CPU
		{777E24DB-2549-4D65-9F88-F245CEF13D2C}.Release|Any CPU.ActiveCfg = Release|Any CPU
		{777E24DB-2549-4D65-9F88-F245CEF13D2C}.Release|Any CPU.Build.0 = Release|Any CPU
	EndGlobalSection
	GlobalSection(SolutionProperties) = preSolution
		HideSolutionNode = FALSE
	EndGlobalSection
	GlobalSection(ExtensibilityGlobals) = postSolution
		SolutionGuid = {DA317BC8-DEA0-4B58-B12D-1A6B200CF389}
	EndGlobalSection
EndGlobal
